// !$*UTF8*$!
{
	archiveVersion = 1;
	classes = {
	};
	objectVersion = 56;
	objects = {

/* Begin PBXBuildFile section */
		36C0ACE32F65AE6000AB835C /* elephant_iosApp.swift in Sources */ = {isa = PBXBuildFile; fileRef = 36C0ACE22F65AE6000AB835C /* elephant_iosApp.swift */; };
		36C0ACE52F65AE6000AB835C /* ContentView.swift in Sources */ = {isa = PBXBuildFile; fileRef = 36C0ACE42F65AE6000AB835C /* ContentView.swift */; };
		36C0ACE72F65AE6200AB835C /* Assets.xcassets in Resources */ = {isa = PBXBuildFile; fileRef = 36C0ACE62F65AE6200AB835C /* Assets.xcassets */; };
		36C0ACEB2F65AE6200AB835C /* Preview Assets.xcassets in Resources */ = {isa = PBXBuildFile; fileRef = 36C0ACEA2F65AE6200AB835C /* Preview Assets.xcassets */; };
		36C0ACF52F65AE6300AB835C /* elephant_iosTests.swift in Sources */ = {isa = PBXBuildFile; fileRef = 36C0ACF42F65AE6300AB835C /* elephant_iosTests.swift */; };
		36C0ACFF2F65AE6300AB835C /* elephant_iosUITests.swift in Sources */ = {isa = PBXBuildFile; fileRef = 36C0ACFE2F65AE6300AB835C /* elephant_iosUITests.swift */; };
		36C0AD012F65AE6300AB835C /* elephant_iosUITestsLaunchTests.swift in Sources */ = {isa = PBXBuildFile; fileRef = 36C0AD002F65AE6300AB835C /* elephant_iosUITestsLaunchTests.swift */; };
		36C0AD202F65B00100AB835C /* Board.swift in Sources */ = {isa = PBXBuildFile; fileRef = 36C0AD102F65B00100AB835C /* Board.swift */; };
		36C0AD212F65B00100AB835C /* Slide.swift in Sources */ = {isa = PBXBuildFile; fileRef = 36C0AD112F65B00100AB835C /* Slide.swift */; };
		36C0AD222F65B00100AB835C /* ElephantLogic.swift in Sources */ = {isa = PBXBuildFile; fileRef = 36C0AD122F65B00100AB835C /* ElephantLogic.swift */; };
		36C0AD232F65B00100AB835C /* SlideExecution.swift in Sources */ = {isa = PBXBuildFile; fileRef = 36C0AD132F65B00100AB835C /* SlideExecution.swift */; };
		36C0AD242F65B00100AB835C /* VictoryShape.swift in Sources */ = {isa = PBXBuildFile; fileRef = 36C0AD142F65B00100AB835C /* VictoryShape.swift */; };
		36C0AD252F65B00100AB835C /* VictoryDetection.swift in Sources */ = {isa = PBXBuildFile; fileRef = 36C0AD152F65B00100AB835C /* VictoryDetection.swift */; };
		36C0AD262F65B00100AB835C /* GameEngine.swift in Sources */ = {isa = PBXBuildFile; fileRef = 36C0AD162F65B00100AB835C /* GameEngine.swift */; };
		36C0AD272F65B00100AB835C /* Rating.swift in Sources */ = {isa = PBXBuildFile; fileRef = 36C0AD172F65B00100AB835C /* Rating.swift */; };
		36C0AD282F65B00100AB835C /* GameState.swift in Sources */ = {isa = PBXBuildFile; fileRef = 36C0AD182F65B00100AB835C /* GameState.swift */; };
		36C0AD292F65B00100AB835C /* PlayerState.swift in Sources */ = {isa = PBXBuildFile; fileRef = 36C0AD192F65B00100AB835C /* PlayerState.swift */; };
		36C0AD2A2F65B00100AB835C /* MoveRecord.swift in Sources */ = {isa = PBXBuildFile; fileRef = 36C0AD1A2F65B00100AB835C /* MoveRecord.swift */; };
		36C0AD402F65B10000AB835C /* BotAI.swift in Sources */ = {isa = PBXBuildFile; fileRef = 36C0AD3F2F65B10000AB835C /* BotAI.swift */; };
		36C0AD702F65B20000AB835C /* AudioManager.swift in Sources */ = {isa = PBXBuildFile; fileRef = 36C0AD6F2F65B20000AB835C /* AudioManager.swift */; };
		36C0AD902F65B40000AB835C /* VictoryShapeIcon.swift in Sources */ = {isa = PBXBuildFile; fileRef = 36C0AD8F2F65B40000AB835C /* VictoryShapeIcon.swift */; };
		36C0AD922F65B40000AB835C /* GameStore.swift in Sources */ = {isa = PBXBuildFile; fileRef = 36C0AD912F65B40000AB835C /* GameStore.swift */; };
		36C0AD572F65AE6000AB835C /* GameBoardView.swift in Sources */ = {isa = PBXBuildFile; fileRef = 36C0AD502F65AE6000AB835C /* GameBoardView.swift */; };
		36C0AD582F65AE6000AB835C /* GameScreenView.swift in Sources */ = {isa = PBXBuildFile; fileRef = 36C0AD512F65AE6000AB835C /* GameScreenView.swift */; };
		36C0AD592F65AE6000AB835C /* TileView.swift in Sources */ = {isa = PBXBuildFile; fileRef = 36C0AD522F65AE6000AB835C /* TileView.swift */; };
		36C0AD5A2F65AE6000AB835C /* ElephantView.swift in Sources */ = {isa = PBXBuildFile; fileRef = 36C0AD532F65AE6000AB835C /* ElephantView.swift */; };
		36C0AD5B2F65AE6000AB835C /* ElephantMoveOverlay.swift in Sources */ = {isa = PBXBuildFile; fileRef = 36C0AD542F65AE6000AB835C /* ElephantMoveOverlay.swift */; };
		36C0AD5C2F65AE6000AB835C /* PlayerInfoCard.swift in Sources */ = {isa = PBXBuildFile; fileRef = 36C0AD552F65AE6000AB835C /* PlayerInfoCard.swift */; };
		36C0AD802F65B30000AB835C /* TurnTimerView.swift in Sources */ = {isa = PBXBuildFile; fileRef = 36C0AD7F2F65B30000AB835C /* TurnTimerView.swift */; };
		36C0AD5D2F65AE6000AB835C /* GameViewModel.swift in Sources */ = {isa = PBXBuildFile; fileRef = 36C0AD562F65AE6000AB835C /* GameViewModel.swift */; };
/* End PBXBuildFile section */

/* Begin PBXContainerItemProxy section */
		36C0ACF12F65AE6300AB835C /* PBXContainerItemProxy */ = {
			isa = PBXContainerItemProxy;
			containerPortal = 36C0ACD72F65AE6000AB835C /* Project object */;
			proxyType = 1;
			remoteGlobalIDString = 36C0ACDE2F65AE6000AB835C;
			remoteInfo = "elephant-ios";
		};
		36C0ACFB2F65AE6300AB835C /* PBXContainerItemProxy */ = {
			isa = PBXContainerItemProxy;
			containerPortal = 36C0ACD72F65AE6000AB835C /* Project object */;
			proxyType = 1;
			remoteGlobalIDString = 36C0ACDE2F65AE6000AB835C;
			remoteInfo = "elephant-ios";
		};
/* End PBXContainerItemProxy section */

/* Begin PBXFileReference section */
		36C0ACDF2F65AE6000AB835C /* elephant-ios.app */ = {isa = PBXFileReference; explicitFileType = wrapper.application; includeInIndex = 0; path = "elephant-ios.app"; sourceTree = BUILT_PRODUCTS_DIR; };
		36C0ACE22F65AE6000AB835C /* elephant_iosApp.swift */ = {isa = PBXFileReference; lastKnownFileType = sourcecode.swift; path = elephant_iosApp.swift; sourceTree = "<group>"; };
		36C0ACE42F65AE6000AB835C /* ContentView.swift */ = {isa = PBXFileReference; lastKnownFileType = sourcecode.swift; path = ContentView.swift; sourceTree = "<group>"; };
		36C0ACE62F65AE6200AB835C /* Assets.xcassets */ = {isa = PBXFileReference; lastKnownFileType = folder.assetcatalog; path = Assets.xcassets; sourceTree = "<group>"; };
		36C0ACE82F65AE6200AB835C /* elephant_ios.entitlements */ = {isa = PBXFileReference; lastKnownFileType = text.plist.entitlements; path = elephant_ios.entitlements; sourceTree = "<group>"; };
		36C0ACEA2F65AE6200AB835C /* Preview Assets.xcassets */ = {isa = PBXFileReference; lastKnownFileType = folder.assetcatalog; path = "Preview Assets.xcassets"; sourceTree = "<group>"; };
		36C0ACF02F65AE6300AB835C /* elephant-iosTests.xctest */ = {isa = PBXFileReference; explicitFileType = wrapper.cfbundle; includeInIndex = 0; path = "elephant-iosTests.xctest"; sourceTree = BUILT_PRODUCTS_DIR; };
		36C0ACF42F65AE6300AB835C /* elephant_iosTests.swift */ = {isa = PBXFileReference; lastKnownFileType = sourcecode.swift; path = elephant_iosTests.swift; sourceTree = "<group>"; };
		36C0ACFA2F65AE6300AB835C /* elephant-iosUITests.xctest */ = {isa = PBXFileReference; explicitFileType = wrapper.cfbundle; includeInIndex = 0; path = "elephant-iosUITests.xctest"; sourceTree = BUILT_PRODUCTS_DIR; };
		36C0ACFE2F65AE6300AB835C /* elephant_iosUITests.swift */ = {isa = PBXFileReference; lastKnownFileType = sourcecode.swift; path = elephant_iosUITests.swift; sourceTree = "<group>"; };
		36C0AD002F65AE6300AB835C /* elephant_iosUITestsLaunchTests.swift */ = {isa = PBXFileReference; lastKnownFileType = sourcecode.swift; path = elephant_iosUITestsLaunchTests.swift; sourceTree = "<group>"; };
		36C0AD102F65B00100AB835C /* Board.swift */ = {isa = PBXFileReference; lastKnownFileType = sourcecode.swift; path = Board.swift; sourceTree = "<group>"; };
		36C0AD112F65B00100AB835C /* Slide.swift */ = {isa = PBXFileReference; lastKnownFileType = sourcecode.swift; path = Slide.swift; sourceTree = "<group>"; };
		36C0AD122F65B00100AB835C /* ElephantLogic.swift */ = {isa = PBXFileReference; lastKnownFileType = sourcecode.swift; path = ElephantLogic.swift; sourceTree = "<group>"; };
		36C0AD132F65B00100AB835C /* SlideExecution.swift */ = {isa = PBXFileReference; lastKnownFileType = sourcecode.swift; path = SlideExecution.swift; sourceTree = "<group>"; };
		36C0AD142F65B00100AB835C /* VictoryShape.swift */ = {isa = PBXFileReference; lastKnownFileType = sourcecode.swift; path = VictoryShape.swift; sourceTree = "<group>"; };
		36C0AD152F65B00100AB835C /* VictoryDetection.swift */ = {isa = PBXFileReference; lastKnownFileType = sourcecode.swift; path = VictoryDetection.swift; sourceTree = "<group>"; };
		36C0AD162F65B00100AB835C /* GameEngine.swift */ = {isa = PBXFileReference; lastKnownFileType = sourcecode.swift; path = GameEngine.swift; sourceTree = "<group>"; };
		36C0AD172F65B00100AB835C /* Rating.swift */ = {isa = PBXFileReference; lastKnownFileType = sourcecode.swift; path = Rating.swift; sourceTree = "<group>"; };
		36C0AD182F65B00100AB835C /* GameState.swift */ = {isa = PBXFileReference; lastKnownFileType = sourcecode.swift; path = GameState.swift; sourceTree = "<group>"; };
		36C0AD192F65B00100AB835C /* PlayerState.swift */ = {isa = PBXFileReference; lastKnownFileType = sourcecode.swift; path = PlayerState.swift; sourceTree = "<group>"; };
		36C0AD1A2F65B00100AB835C /* MoveRecord.swift */ = {isa = PBXFileReference; lastKnownFileType = sourcecode.swift; path = MoveRecord.swift; sourceTree = "<group>"; };
		36C0AD3F2F65B10000AB835C /* BotAI.swift */ = {isa = PBXFileReference; lastKnownFileType = sourcecode.swift; path = BotAI.swift; sourceTree = "<group>"; };
		36C0AD6F2F65B20000AB835C /* AudioManager.swift */ = {isa = PBXFileReference; lastKnownFileType = sourcecode.swift; path = AudioManager.swift; sourceTree = "<group>"; };
		36C0AD8F2F65B40000AB835C /* VictoryShapeIcon.swift */ = {isa = PBXFileReference; lastKnownFileType = sourcecode.swift; path = VictoryShapeIcon.swift; sourceTree = "<group>"; };
		36C0AD912F65B40000AB835C /* GameStore.swift */ = {isa = PBXFileReference; lastKnownFileType = sourcecode.swift; path = GameStore.swift; sourceTree = "<group>"; };
		36C0AD502F65AE6000AB835C /* GameBoardView.swift */ = {isa = PBXFileReference; lastKnownFileType = sourcecode.swift; path = GameBoardView.swift; sourceTree = "<group>"; };
		36C0AD512F65AE6000AB835C /* GameScreenView.swift */ = {isa = PBXFileReference; lastKnownFileType = sourcecode.swift; path = GameScreenView.swift; sourceTree = "<group>"; };
		36C0AD522F65AE6000AB835C /* TileView.swift */ = {isa = PBXFileReference; lastKnownFileType = sourcecode.swift; path = TileView.swift; sourceTree = "<group>"; };
		36C0AD532F65AE6000AB835C /* ElephantView.swift */ = {isa = PBXFileReference; lastKnownFileType = sourcecode.swift; path = ElephantView.swift; sourceTree = "<group>"; };
		36C0AD542F65AE6000AB835C /* ElephantMoveOverlay.swift */ = {isa = PBXFileReference; lastKnownFileType = sourcecode.swift; path = ElephantMoveOverlay.swift; sourceTree = "<group>"; };
		36C0AD552F65AE6000AB835C /* PlayerInfoCard.swift */ = {isa = PBXFileReference; lastKnownFileType = sourcecode.swift; path = PlayerInfoCard.swift; sourceTree = "<group>"; };
		36C0AD7F2F65B30000AB835C /* TurnTimerView.swift */ = {isa = PBXFileReference; lastKnownFileType = sourcecode.swift; path = TurnTimerView.swift; sourceTree = "<group>"; };
		36C0AD562F65AE6000AB835C /* GameViewModel.swift */ = {isa = PBXFileReference; lastKnownFileType = sourcecode.swift; path = GameViewModel.swift; sourceTree = "<group>"; };
/* End PBXFileReference section */

/* Begin PBXFrameworksBuildPhase section */
		36C0ACDC2F65AE6000AB835C /* Frameworks */ = {
			isa = PBXFrameworksBuildPhase;
			buildActionMask = 2147483647;
			files = (
			);
			runOnlyForDeploymentPostprocessing = 0;
		};
		36C0ACED2F65AE6300AB835C /* Frameworks */ = {
			isa = PBXFrameworksBuildPhase;
			buildActionMask = 2147483647;
			files = (
			);
			runOnlyForDeploymentPostprocessing = 0;
		};
		36C0ACF72F65AE6300AB835C /* Frameworks */ = {
			isa = PBXFrameworksBuildPhase;
			buildActionMask = 2147483647;
			files = (
			);
			runOnlyForDeploymentPostprocessing = 0;
		};
/* End PBXFrameworksBuildPhase section */

/* Begin PBXGroup section */
		36C0ACD62F65AE6000AB835C = {
			isa = PBXGroup;
			children = (
				36C0ACE12F65AE6000AB835C /* elephant-ios */,
				36C0ACF32F65AE6300AB835C /* elephant-iosTests */,
				36C0ACFD2F65AE6300AB835C /* elephant-iosUITests */,
				36C0ACE02F65AE6000AB835C /* Products */,
			);
			sourceTree = "<group>";
		};
		36C0ACE02F65AE6000AB835C /* Products */ = {
			isa = PBXGroup;
			children = (
				36C0ACDF2F65AE6000AB835C /* elephant-ios.app */,
				36C0ACF02F65AE6300AB835C /* elephant-iosTests.xctest */,
				36C0ACFA2F65AE6300AB835C /* elephant-iosUITests.xctest */,
			);
			name = Products;
			sourceTree = "<group>";
		};
		36C0ACE12F65AE6000AB835C /* elephant-ios */ = {
			isa = PBXGroup;
			children = (
				36C0AD302F65B00100AB835C /* Engine */,
				36C0AD312F65B00100AB835C /* Models */,
				36C0AD5E2F65AE6000AB835C /* Views */,
				36C0AD602F65AE6000AB835C /* ViewModels */,
				36C0AD712F65B20000AB835C /* Audio */,
				36C0AD942F65B40000AB835C /* Persistence */,
				36C0ACE22F65AE6000AB835C /* elephant_iosApp.swift */,
				36C0ACE42F65AE6000AB835C /* ContentView.swift */,
				36C0ACE62F65AE6200AB835C /* Assets.xcassets */,
				36C0ACE82F65AE6200AB835C /* elephant_ios.entitlements */,
				36C0ACE92F65AE6200AB835C /* Preview Content */,
			);
			path = "elephant-ios";
			sourceTree = "<group>";
		};
		36C0AD302F65B00100AB835C /* Engine */ = {
			isa = PBXGroup;
			children = (
				36C0AD102F65B00100AB835C /* Board.swift */,
				36C0AD112F65B00100AB835C /* Slide.swift */,
				36C0AD122F65B00100AB835C /* ElephantLogic.swift */,
				36C0AD132F65B00100AB835C /* SlideExecution.swift */,
				36C0AD142F65B00100AB835C /* VictoryShape.swift */,
				36C0AD152F65B00100AB835C /* VictoryDetection.swift */,
				36C0AD162F65B00100AB835C /* GameEngine.swift */,
				36C0AD172F65B00100AB835C /* Rating.swift */,
				36C0AD3F2F65B10000AB835C /* BotAI.swift */,
			);
			path = Engine;
			sourceTree = "<group>";
		};
		36C0AD312F65B00100AB835C /* Models */ = {
			isa = PBXGroup;
			children = (
				36C0AD182F65B00100AB835C /* GameState.swift */,
				36C0AD192F65B00100AB835C /* PlayerState.swift */,
				36C0AD1A2F65B00100AB835C /* MoveRecord.swift */,
			);
			path = Models;
			sourceTree = "<group>";
		};
		36C0AD5E2F65AE6000AB835C /* Views */ = {
			isa = PBXGroup;
			children = (
				36C0AD5F2F65AE6000AB835C /* Game */,
				36C0AD932F65B40000AB835C /* Components */,
			);
			path = Views;
			sourceTree = "<group>";
		};
		36C0AD5F2F65AE6000AB835C /* Game */ = {
			isa = PBXGroup;
			children = (
				36C0AD502F65AE6000AB835C /* GameBoardView.swift */,
				36C0AD512F65AE6000AB835C /* GameScreenView.swift */,
				36C0AD522F65AE6000AB835C /* TileView.swift */,
				36C0AD532F65AE6000AB835C /* ElephantView.swift */,
				36C0AD542F65AE6000AB835C /* ElephantMoveOverlay.swift */,
				36C0AD552F65AE6000AB835C /* PlayerInfoCard.swift */,
				36C0AD7F2F65B30000AB835C /* TurnTimerView.swift */,
			);
			path = Game;
			sourceTree = "<group>";
		};
		36C0AD602F65AE6000AB835C /* ViewModels */ = {
			isa = PBXGroup;
			children = (
				36C0AD562F65AE6000AB835C /* GameViewModel.swift */,
			);
			path = ViewModels;
			sourceTree = "<group>";
		};
		36C0AD932F65B40000AB835C /* Components */ = {
			isa = PBXGroup;
			children = (
				36C0AD8F2F65B40000AB835C /* VictoryShapeIcon.swift */,
			);
			path = Components;
			sourceTree = "<group>";
		};
		36C0AD942F65B40000AB835C /* Persistence */ = {
			isa = PBXGroup;
			children = (
				36C0AD912F65B40000AB835C /* GameStore.swift */,
			);
			path = Persistence;
			sourceTree = "<group>";
		};
		36C0AD712F65B20000AB835C /* Audio */ = {
			isa = PBXGroup;
			children = (
				36C0AD6F2F65B20000AB835C /* AudioManager.swift */,
			);
			path = Audio;
			sourceTree = "<group>";
		};
		36C0ACE92F65AE6200AB835C /* Preview Content */ = {
			isa = PBXGroup;
			children = (
				36C0ACEA2F65AE6200AB835C /* Preview Assets.xcassets */,
			);
			path = "Preview Content";
			sourceTree = "<group>";
		};
		36C0ACF32F65AE6300AB835C /* elephant-iosTests */ = {
			isa = PBXGroup;
			children = (
				36C0ACF42F65AE6300AB835C /* elephant_iosTests.swift */,
			);
			path = "elephant-iosTests";
			sourceTree = "<group>";
		};
		36C0ACFD2F65AE6300AB835C /* elephant-iosUITests */ = {
			isa = PBXGroup;
			children = (
				36C0ACFE2F65AE6300AB835C /* elephant_iosUITests.swift */,
				36C0AD002F65AE6300AB835C /* elephant_iosUITestsLaunchTests.swift */,
			);
			path = "elephant-iosUITests";
			sourceTree = "<group>";
		};
/* End PBXGroup section */

/* Begin PBXNativeTarget section */
		36C0ACDE2F65AE6000AB835C /* elephant-ios */ = {
			isa = PBXNativeTarget;
			buildConfigurationList = 36C0AD042F65AE6300AB835C /* Build configuration list for PBXNativeTarget "elephant-ios" */;
			buildPhases = (
				36C0ACDB2F65AE6000AB835C /* Sources */,
				36C0ACDC2F65AE6000AB835C /* Frameworks */,
				36C0ACDD2F65AE6000AB835C /* Resources */,
			);
			buildRules = (
			);
			dependencies = (
			);
			name = "elephant-ios";
			productName = "elephant-ios";
			productReference = 36C0ACDF2F65AE6000AB835C /* elephant-ios.app */;
			productType = "com.apple.product-type.application";
		};
		36C0ACEF2F65AE6300AB835C /* elephant-iosTests */ = {
			isa = PBXNativeTarget;
			buildConfigurationList = 36C0AD072F65AE6300AB835C /* Build configuration list for PBXNativeTarget "elephant-iosTests" */;
			buildPhases = (
				36C0ACEC2F65AE6300AB835C /* Sources */,
				36C0ACED2F65AE6300AB835C /* Frameworks */,
				36C0ACEE2F65AE6300AB835C /* Resources */,
			);
			buildRules = (
			);
			dependencies = (
				36C0ACF22F65AE6300AB835C /* PBXTargetDependency */,
			);
			name = "elephant-iosTests";
			productName = "elephant-iosTests";
			productReference = 36C0ACF02F65AE6300AB835C /* elephant-iosTests.xctest */;
			productType = "com.apple.product-type.bundle.unit-test";
		};
		36C0ACF92F65AE6300AB835C /* elephant-iosUITests */ = {
			isa = PBXNativeTarget;
			buildConfigurationList = 36C0AD0A2F65AE6300AB835C /* Build configuration list for PBXNativeTarget "elephant-iosUITests" */;
			buildPhases = (
				36C0ACF62F65AE6300AB835C /* Sources */,
				36C0ACF72F65AE6300AB835C /* Frameworks */,
				36C0ACF82F65AE6300AB835C /* Resources */,
			);
			buildRules = (
			);
			dependencies = (
				36C0ACFC2F65AE6300AB835C /* PBXTargetDependency */,
			);
			name = "elephant-iosUITests";
			productName = "elephant-iosUITests";
			productReference = 36C0ACFA2F65AE6300AB835C /* elephant-iosUITests.xctest */;
			productType = "com.apple.product-type.bundle.ui-testing";
		};
/* End PBXNativeTarget section */

/* Begin PBXProject section */
		36C0ACD72F65AE6000AB835C /* Project object */ = {
			isa = PBXProject;
			attributes = {
				BuildIndependentTargetsInParallel = 1;
				LastSwiftUpdateCheck = 1540;
				LastUpgradeCheck = 1540;
				TargetAttributes = {
					36C0ACDE2F65AE6000AB835C = {
						CreatedOnToolsVersion = 15.4;
					};
					36C0ACEF2F65AE6300AB835C = {
						CreatedOnToolsVersion = 15.4;
						TestTargetID = 36C0ACDE2F65AE6000AB835C;
					};
					36C0ACF92F65AE6300AB835C = {
						CreatedOnToolsVersion = 15.4;
						TestTargetID = 36C0ACDE2F65AE6000AB835C;
					};
				};
			};
			buildConfigurationList = 36C0ACDA2F65AE6000AB835C /* Build configuration list for PBXProject "elephant-ios" */;
			compatibilityVersion = "Xcode 14.0";
			developmentRegion = en;
			hasScannedForEncodings = 0;
			knownRegions = (
				en,
				Base,
			);
			mainGroup = 36C0ACD62F65AE6000AB835C;
			productRefGroup = 36C0ACE02F65AE6000AB835C /* Products */;
			projectDirPath = "";
			projectRoot = "";
			targets = (
				36C0ACDE2F65AE6000AB835C /* elephant-ios */,
				36C0ACEF2F65AE6300AB835C /* elephant-iosTests */,
				36C0ACF92F65AE6300AB835C /* elephant-iosUITests */,
			);
		};
/* End PBXProject section */

/* Begin PBXResourcesBuildPhase section */
		36C0ACDD2F65AE6000AB835C /* Resources */ = {
			isa = PBXResourcesBuildPhase;
			buildActionMask = 2147483647;
			files = (
				36C0ACEB2F65AE6200AB835C /* Preview Assets.xcassets in Resources */,
				36C0ACE72F65AE6200AB835C /* Assets.xcassets in Resources */,
			);
			runOnlyForDeploymentPostprocessing = 0;
		};
		36C0ACEE2F65AE6300AB835C /* Resources */ = {
			isa = PBXResourcesBuildPhase;
			buildActionMask = 2147483647;
			files = (
			);
			runOnlyForDeploymentPostprocessing = 0;
		};
		36C0ACF82F65AE6300AB835C /* Resources */ = {
			isa = PBXResourcesBuildPhase;
			buildActionMask = 2147483647;
			files = (
			);
			runOnlyForDeploymentPostprocessing = 0;
		};
/* End PBXResourcesBuildPhase section */

/* Begin PBXSourcesBuildPhase section */
		36C0ACDB2F65AE6000AB835C /* Sources */ = {
			isa = PBXSourcesBuildPhase;
			buildActionMask = 2147483647;
			files = (
				36C0ACE52F65AE6000AB835C /* ContentView.swift in Sources */,
				36C0ACE32F65AE6000AB835C /* elephant_iosApp.swift in Sources */,
				36C0AD202F65B00100AB835C /* Board.swift in Sources */,
				36C0AD212F65B00100AB835C /* Slide.swift in Sources */,
				36C0AD222F65B00100AB835C /* ElephantLogic.swift in Sources */,
				36C0AD232F65B00100AB835C /* SlideExecution.swift in Sources */,
				36C0AD242F65B00100AB835C /* VictoryShape.swift in Sources */,
				36C0AD252F65B00100AB835C /* VictoryDetection.swift in Sources */,
				36C0AD262F65B00100AB835C /* GameEngine.swift in Sources */,
				36C0AD272F65B00100AB835C /* Rating.swift in Sources */,
				36C0AD282F65B00100AB835C /* GameState.swift in Sources */,
				36C0AD292F65B00100AB835C /* PlayerState.swift in Sources */,
				36C0AD2A2F65B00100AB835C /* MoveRecord.swift in Sources */,
				36C0AD402F65B10000AB835C /* BotAI.swift in Sources */,
				36C0AD702F65B20000AB835C /* AudioManager.swift in Sources */,
				36C0AD902F65B40000AB835C /* VictoryShapeIcon.swift in Sources */,
				36C0AD922F65B40000AB835C /* GameStore.swift in Sources */,
				36C0AD572F65AE6000AB835C /* GameBoardView.swift in Sources */,
				36C0AD582F65AE6000AB835C /* GameScreenView.swift in Sources */,
				36C0AD592F65AE6000AB835C /* TileView.swift in Sources */,
				36C0AD5A2F65AE6000AB835C /* ElephantView.swift in Sources */,
				36C0AD5B2F65AE6000AB835C /* ElephantMoveOverlay.swift in Sources */,
				36C0AD5C2F65AE6000AB835C /* PlayerInfoCard.swift in Sources */,
				36C0AD802F65B30000AB835C /* TurnTimerView.swift in Sources */,
				36C0AD5D2F65AE6000AB835C /* GameViewModel.swift in Sources */,
			);
			runOnlyForDeploymentPostprocessing = 0;
		};
		36C0ACEC2F65AE6300AB835C /* Sources */ = {
			isa = PBXSourcesBuildPhase;
			buildActionMask = 2147483647;
			files = (
				36C0ACF52F65AE6300AB835C /* elephant_iosTests.swift in Sources */,
			);
			runOnlyForDeploymentPostprocessing = 0;
		};
		36C0ACF62F65AE6300AB835C /* Sources */ = {
			isa = PBXSourcesBuildPhase;
			buildActionMask = 2147483647;
			files = (
				36C0ACFF2F65AE6300AB835C /* elephant_iosUITests.swift in Sources */,
				36C0AD012F65AE6300AB835C /* elephant_iosUITestsLaunchTests.swift in Sources */,
			);
			runOnlyForDeploymentPostprocessing = 0;
		};
/* End PBXSourcesBuildPhase section */

/* Begin PBXTargetDependency section */
		36C0ACF22F65AE6300AB835C /* PBXTargetDependency */ = {
			isa = PBXTargetDependency;
			target = 36C0ACDE2F65AE6000AB835C /* elephant-ios */;
			targetProxy = 36C0ACF12F65AE6300AB835C /* PBXContainerItemProxy */;
		};
		36C0ACFC2F65AE6300AB835C /* PBXTargetDependency */ = {
			isa = PBXTargetDependency;
			target = 36C0ACDE2F65AE6000AB835C /* elephant-ios */;
			targetProxy = 36C0ACFB2F65AE6300AB835C /* PBXContainerItemProxy */;
		};
/* End PBXTargetDependency section */

/* Begin XCBuildConfiguration section */
		36C0AD022F65AE6300AB835C /* Debug */ = {
			isa = XCBuildConfiguration;
			buildSettings = {
				ALWAYS_SEARCH_USER_PATHS = NO;
				ASSETCATALOG_COMPILER_GENERATE_SWIFT_ASSET_SYMBOL_EXTENSIONS = YES;
				CLANG_ANALYZER_NONNULL = YES;
				CLANG_ANALYZER_NUMBER_OBJECT_CONVERSION = YES_AGGRESSIVE;
				CLANG_CXX_LANGUAGE_STANDARD = "gnu++20";
				CLANG_ENABLE_MODULES = YES;
				CLANG_ENABLE_OBJC_ARC = YES;
				CLANG_ENABLE_OBJC_WEAK = YES;
				CLANG_WARN_BLOCK_CAPTURE_AUTORELEASING = YES;
				CLANG_WARN_BOOL_CONVERSION = YES;
				CLANG_WARN_COMMA = YES;
				CLANG_WARN_CONSTANT_CONVERSION = YES;
				CLANG_WARN_DEPRECATED_OBJC_IMPLEMENTATIONS = YES;
				CLANG_WARN_DIRECT_OBJC_ISA_USAGE = YES_ERROR;
				CLANG_WARN_DOCUMENTATION_COMMENTS = YES;
				CLANG_WARN_EMPTY_BODY = YES;
				CLANG_WARN_ENUM_CONVERSION = YES;
				CLANG_WARN_INFINITE_RECURSION = YES;
				CLANG_WARN_INT_CONVERSION = YES;
				CLANG_WARN_NON_LITERAL_NULL_CONVERSION = YES;
				CLANG_WARN_OBJC_IMPLICIT_RETAIN_SELF = YES;
				CLANG_WARN_OBJC_LITERAL_CONVERSION = YES;
				CLANG_WARN_OBJC_ROOT_CLASS = YES_ERROR;
				CLANG_WARN_QUOTED_INCLUDE_IN_FRAMEWORK_HEADER = YES;
				CLANG_WARN_RANGE_LOOP_ANALYSIS = YES;
				CLANG_WARN_STRICT_PROTOTYPES = YES;
				CLANG_WARN_SUSPICIOUS_MOVE = YES;
				CLANG_WARN_UNGUARDED_AVAILABILITY = YES_AGGRESSIVE;
				CLANG_WARN_UNREACHABLE_CODE = YES;
				CLANG_WARN__DUPLICATE_METHOD_MATCH = YES;
				COPY_PHASE_STRIP = NO;
				DEBUG_INFORMATION_FORMAT = dwarf;
				ENABLE_STRICT_OBJC_MSGSEND = YES;
				ENABLE_TESTABILITY = YES;
				ENABLE_USER_SCRIPT_SANDBOXING = YES;
				GCC_C_LANGUAGE_STANDARD = gnu17;
				GCC_DYNAMIC_NO_PIC = NO;
				GCC_NO_COMMON_BLOCKS = YES;
				GCC_OPTIMIZATION_LEVEL = 0;
				GCC_PREPROCESSOR_DEFINITIONS = (
					"DEBUG=1",
					"$(inherited)",
				);
				GCC_WARN_64_TO_32_BIT_CONVERSION = YES;
				GCC_WARN_ABOUT_RETURN_TYPE = YES_ERROR;
				GCC_WARN_UNDECLARED_SELECTOR = YES;
				GCC_WARN_UNINITIALIZED_AUTOS = YES_AGGRESSIVE;
				GCC_WARN_UNUSED_FUNCTION = YES;
				GCC_WARN_UNUSED_VARIABLE = YES;
				LOCALIZATION_PREFERS_STRING_CATALOGS = YES;
				MTL_ENABLE_DEBUG_INFO = INCLUDE_SOURCE;
				MTL_FAST_MATH = YES;
				ONLY_ACTIVE_ARCH = YES;
				SWIFT_ACTIVE_COMPILATION_CONDITIONS = "DEBUG $(inherited)";
				SWIFT_OPTIMIZATION_LEVEL = "-Onone";
			};
			name = Debug;
		};
		36C0AD032F65AE6300AB835C /* Release */ = {
			isa = XCBuildConfiguration;
			buildSettings = {
				ALWAYS_SEARCH_USER_PATHS = NO;
				ASSETCATALOG_COMPILER_GENERATE_SWIFT_ASSET_SYMBOL_EXTENSIONS = YES;
				CLANG_ANALYZER_NONNULL = YES;
				CLANG_ANALYZER_NUMBER_OBJECT_CONVERSION = YES_AGGRESSIVE;
				CLANG_CXX_LANGUAGE_STANDARD = "gnu++20";
				CLANG_ENABLE_MODULES = YES;
				CLANG_ENABLE_OBJC_ARC = YES;
				CLANG_ENABLE_OBJC_WEAK = YES;
				CLANG_WARN_BLOCK_CAPTURE_AUTORELEASING = YES;
				CLANG_WARN_BOOL_CONVERSION = YES;
				CLANG_WARN_COMMA = YES;
				CLANG_WARN_CONSTANT_CONVERSION = YES;
				CLANG_WARN_DEPRECATED_OBJC_IMPLEMENTATIONS = YES;
				CLANG_WARN_DIRECT_OBJC_ISA_USAGE = YES_ERROR;
				CLANG_WARN_DOCUMENTATION_COMMENTS = YES;
				CLANG_WARN_EMPTY_BODY = YES;
				CLANG_WARN_ENUM_CONVERSION = YES;
				CLANG_WARN_INFINITE_RECURSION = YES;
				CLANG_WARN_INT_CONVERSION = YES;
				CLANG_WARN_NON_LITERAL_NULL_CONVERSION = YES;
				CLANG_WARN_OBJC_IMPLICIT_RETAIN_SELF = YES;
				CLANG_WARN_OBJC_LITERAL_CONVERSION = YES;
				CLANG_WARN_OBJC_ROOT_CLASS = YES_ERROR;
				CLANG_WARN_QUOTED_INCLUDE_IN_FRAMEWORK_HEADER = YES;
				CLANG_WARN_RANGE_LOOP_ANALYSIS = YES;
				CLANG_WARN_STRICT_PROTOTYPES = YES;
				CLANG_WARN_SUSPICIOUS_MOVE = YES;
				CLANG_WARN_UNGUARDED_AVAILABILITY = YES_AGGRESSIVE;
				CLANG_WARN_UNREACHABLE_CODE = YES;
				CLANG_WARN__DUPLICATE_METHOD_MATCH = YES;
				COPY_PHASE_STRIP = NO;
				DEBUG_INFORMATION_FORMAT = "dwarf-with-dsym";
				ENABLE_NS_ASSERTIONS = NO;
				ENABLE_STRICT_OBJC_MSGSEND = YES;
				ENABLE_USER_SCRIPT_SANDBOXING = YES;
				GCC_C_LANGUAGE_STANDARD = gnu17;
				GCC_NO_COMMON_BLOCKS = YES;
				GCC_WARN_64_TO_32_BIT_CONVERSION = YES;
				GCC_WARN_ABOUT_RETURN_TYPE = YES_ERROR;
				GCC_WARN_UNDECLARED_SELECTOR = YES;
				GCC_WARN_UNINITIALIZED_AUTOS = YES_AGGRESSIVE;
				GCC_WARN_UNUSED_FUNCTION = YES;
				GCC_WARN_UNUSED_VARIABLE = YES;
				LOCALIZATION_PREFERS_STRING_CATALOGS = YES;
				MTL_ENABLE_DEBUG_INFO = NO;
				MTL_FAST_MATH = YES;
				SWIFT_COMPILATION_MODE = wholemodule;
			};
			name = Release;
		};
		36C0AD052F65AE6300AB835C /* Debug */ = {
			isa = XCBuildConfiguration;
			buildSettings = {
				ASSETCATALOG_COMPILER_APPICON_NAME = AppIcon;
				ASSETCATALOG_COMPILER_GLOBAL_ACCENT_COLOR_NAME = AccentColor;
				CODE_SIGN_ENTITLEMENTS = "elephant-ios/elephant_ios.entitlements";
				CODE_SIGN_STYLE = Automatic;
				CURRENT_PROJECT_VERSION = 1;
				DEVELOPMENT_ASSET_PATHS = "\"elephant-ios/Preview Content\"";
				DEVELOPMENT_TEAM = 9SX5D95DYR;
				ENABLE_HARDENED_RUNTIME = YES;
				ENABLE_PREVIEWS = YES;
				GENERATE_INFOPLIST_FILE = YES;
				"INFOPLIST_KEY_UIApplicationSceneManifest_Generation[sdk=iphoneos*]" = YES;
				"INFOPLIST_KEY_UIApplicationSceneManifest_Generation[sdk=iphonesimulator*]" = YES;
				"INFOPLIST_KEY_UIApplicationSupportsIndirectInputEvents[sdk=iphoneos*]" = YES;
				"INFOPLIST_KEY_UIApplicationSupportsIndirectInputEvents[sdk=iphonesimulator*]" = YES;
				"INFOPLIST_KEY_UILaunchScreen_Generation[sdk=iphoneos*]" = YES;
				"INFOPLIST_KEY_UILaunchScreen_Generation[sdk=iphonesimulator*]" = YES;
				"INFOPLIST_KEY_UIStatusBarStyle[sdk=iphoneos*]" = UIStatusBarStyleDefault;
				"INFOPLIST_KEY_UIStatusBarStyle[sdk=iphonesimulator*]" = UIStatusBarStyleDefault;
				INFOPLIST_KEY_UISupportedInterfaceOrientations_iPad = "UIInterfaceOrientationPortrait UIInterfaceOrientationPortraitUpsideDown UIInterfaceOrientationLandscapeLeft UIInterfaceOrientationLandscapeRight";
				INFOPLIST_KEY_UISupportedInterfaceOrientations_iPhone = "UIInterfaceOrientationPortrait UIInterfaceOrientationLandscapeLeft UIInterfaceOrientationLandscapeRight";
				IPHONEOS_DEPLOYMENT_TARGET = 17.5;
				LD_RUNPATH_SEARCH_PATHS = "@executable_path/Frameworks";
				"LD_RUNPATH_SEARCH_PATHS[sdk=macosx*]" = "@executable_path/../Frameworks";
				MACOSX_DEPLOYMENT_TARGET = 14.0;
				MARKETING_VERSION = 1.0;
				PRODUCT_BUNDLE_IDENTIFIER = "Catacombian.Elephant-in-the-Room";
				PRODUCT_NAME = "$(TARGET_NAME)";
				SDKROOT = auto;
				SUPPORTED_PLATFORMS = "iphoneos iphonesimulator macosx";
				SWIFT_EMIT_LOC_STRINGS = YES;
				SWIFT_VERSION = 5.0;
				TARGETED_DEVICE_FAMILY = "1,2";
			};
			name = Debug;
		};
		36C0AD062F65AE6300AB835C /* Release */ = {
			isa = XCBuildConfiguration;
			buildSettings = {
				ASSETCATALOG_COMPILER_APPICON_NAME = AppIcon;
				ASSETCATALOG_COMPILER_GLOBAL_ACCENT_COLOR_NAME = AccentColor;
				CODE_SIGN_ENTITLEMENTS = "elephant-ios/elephant_ios.entitlements";
				CODE_SIGN_STYLE = Automatic;
				CURRENT_PROJECT_VERSION = 1;
				DEVELOPMENT_ASSET_PATHS = "\"elephant-ios/Preview Content\"";
				DEVELOPMENT_TEAM = 9SX5D95DYR;
				ENABLE_HARDENED_RUNTIME = YES;
				ENABLE_PREVIEWS = YES;
				GENERATE_INFOPLIST_FILE = YES;
				"INFOPLIST_KEY_UIApplicationSceneManifest_Generation[sdk=iphoneos*]" = YES;
				"INFOPLIST_KEY_UIApplicationSceneManifest_Generation[sdk=iphonesimulator*]" = YES;
				"INFOPLIST_KEY_UIApplicationSupportsIndirectInputEvents[sdk=iphoneos*]" = YES;
				"INFOPLIST_KEY_UIApplicationSupportsIndirectInputEvents[sdk=iphonesimulator*]" = YES;
				"INFOPLIST_KEY_UILaunchScreen_Generation[sdk=iphoneos*]" = YES;
				"INFOPLIST_KEY_UILaunchScreen_Generation[sdk=iphonesimulator*]" = YES;
				"INFOPLIST_KEY_UIStatusBarStyle[sdk=iphoneos*]" = UIStatusBarStyleDefault;
				"INFOPLIST_KEY_UIStatusBarStyle[sdk=iphonesimulator*]" = UIStatusBarStyleDefault;
				INFOPLIST_KEY_UISupportedInterfaceOrientations_iPad = "UIInterfaceOrientationPortrait UIInterfaceOrientationPortraitUpsideDown UIInterfaceOrientationLandscapeLeft UIInterfaceOrientationLandscapeRight";
				INFOPLIST_KEY_UISupportedInterfaceOrientations_iPhone = "UIInterfaceOrientationPortrait UIInterfaceOrientationLandscapeLeft UIInterfaceOrientationLandscapeRight";
				IPHONEOS_DEPLOYMENT_TARGET = 17.5;
				LD_RUNPATH_SEARCH_PATHS = "@executable_path/Frameworks";
				"LD_RUNPATH_SEARCH_PATHS[sdk=macosx*]" = "@executable_path/../Frameworks";
				MACOSX_DEPLOYMENT_TARGET = 14.0;
				MARKETING_VERSION = 1.0;
				PRODUCT_BUNDLE_IDENTIFIER = "Catacombian.Elephant-in-the-Room";
				PRODUCT_NAME = "$(TARGET_NAME)";
				SDKROOT = auto;
				SUPPORTED_PLATFORMS = "iphoneos iphonesimulator macosx";
				SWIFT_EMIT_LOC_STRINGS = YES;
				SWIFT_VERSION = 5.0;
				TARGETED_DEVICE_FAMILY = "1,2";
			};
			name = Release;
		};
		36C0AD082F65AE6300AB835C /* Debug */ = {
			isa = XCBuildConfiguration;
			buildSettings = {
				ALWAYS_EMBED_SWIFT_STANDARD_LIBRARIES = YES;
				BUNDLE_LOADER = "$(TEST_HOST)";
				CODE_SIGN_STYLE = Automatic;
				CURRENT_PROJECT_VERSION = 1;
				DEVELOPMENT_TEAM = 9SX5D95DYR;
				GENERATE_INFOPLIST_FILE = YES;
				IPHONEOS_DEPLOYMENT_TARGET = 17.5;
				MACOSX_DEPLOYMENT_TARGET = 14.0;
				MARKETING_VERSION = 1.0;
				PRODUCT_BUNDLE_IDENTIFIER = "Catacombian.Elephant-in-the-RoomTests";
				PRODUCT_NAME = "$(TARGET_NAME)";
				SDKROOT = auto;
				SUPPORTED_PLATFORMS = "iphoneos iphonesimulator macosx";
				SWIFT_EMIT_LOC_STRINGS = NO;
				SWIFT_VERSION = 5.0;
				TARGETED_DEVICE_FAMILY = "1,2";
				TEST_HOST = "$(BUILT_PRODUCTS_DIR)/elephant-ios.app/$(BUNDLE_EXECUTABLE_FOLDER_PATH)/elephant-ios";
			};
			name = Debug;
		};
		36C0AD092F65AE6300AB835C /* Release */ = {
			isa = XCBuildConfiguration;
			buildSettings = {
				ALWAYS_EMBED_SWIFT_STANDARD_LIBRARIES = YES;
				BUNDLE_LOADER = "$(TEST_HOST)";
				CODE_SIGN_STYLE = Automatic;
				CURRENT_PROJECT_VERSION = 1;
				DEVELOPMENT_TEAM = 9SX5D95DYR;
				GENERATE_INFOPLIST_FILE = YES;
				IPHONEOS_DEPLOYMENT_TARGET = 17.5;
				MACOSX_DEPLOYMENT_TARGET = 14.0;
				MARKETING_VERSION = 1.0;
				PRODUCT_BUNDLE_IDENTIFIER = "Catacombian.Elephant-in-the-RoomTests";
				PRODUCT_NAME = "$(TARGET_NAME)";
				SDKROOT = auto;
				SUPPORTED_PLATFORMS = "iphoneos iphonesimulator macosx";
				SWIFT_EMIT_LOC_STRINGS = NO;
				SWIFT_VERSION = 5.0;
				TARGETED_DEVICE_FAMILY = "1,2";
				TEST_HOST = "$(BUILT_PRODUCTS_DIR)/elephant-ios.app/$(BUNDLE_EXECUTABLE_FOLDER_PATH)/elephant-ios";
			};
			name = Release;
		};
		36C0AD0B2F65AE6300AB835C /* Debug */ = {
			isa = XCBuildConfiguration;
			buildSettings = {
				ALWAYS_EMBED_SWIFT_STANDARD_LIBRARIES = YES;
				CODE_SIGN_STYLE = Automatic;
				CURRENT_PROJECT_VERSION = 1;
				DEVELOPMENT_TEAM = 9SX5D95DYR;
				GENERATE_INFOPLIST_FILE = YES;
				IPHONEOS_DEPLOYMENT_TARGET = 17.5;
				MACOSX_DEPLOYMENT_TARGET = 14.0;
				MARKETING_VERSION = 1.0;
				PRODUCT_BUNDLE_IDENTIFIER = "Catacombian.Elephant-in-the-RoomUITests";
				PRODUCT_NAME = "$(TARGET_NAME)";
				SDKROOT = auto;
				SUPPORTED_PLATFORMS = "iphoneos iphonesimulator macosx";
				SWIFT_EMIT_LOC_STRINGS = NO;
				SWIFT_VERSION = 5.0;
				TARGETED_DEVICE_FAMILY = "1,2";
				TEST_TARGET_NAME = "elephant-ios";
			};
			name = Debug;
		};
		36C0AD0C2F65AE6300AB835C /* Release */ = {
			isa = XCBuildConfiguration;
			buildSettings = {
				ALWAYS_EMBED_SWIFT_STANDARD_LIBRARIES = YES;
				CODE_SIGN_STYLE = Automatic;
				CURRENT_PROJECT_VERSION = 1;
				DEVELOPMENT_TEAM = 9SX5D95DYR;
				GENERATE_INFOPLIST_FILE = YES;
				IPHONEOS_DEPLOYMENT_TARGET = 17.5;
				MACOSX_DEPLOYMENT_TARGET = 14.0;
				MARKETING_VERSION = 1.0;
				PRODUCT_BUNDLE_IDENTIFIER = "Catacombian.Elephant-in-the-RoomUITests";
				PRODUCT_NAME = "$(TARGET_NAME)";
				SDKROOT = auto;
				SUPPORTED_PLATFORMS = "iphoneos iphonesimulator macosx";
				SWIFT_EMIT_LOC_STRINGS = NO;
				SWIFT_VERSION = 5.0;
				TARGETED_DEVICE_FAMILY = "1,2";
				TEST_TARGET_NAME = "elephant-ios";
			};
			name = Release;
		};
/* End XCBuildConfiguration section */

/* Begin XCConfigurationList section */
		36C0ACDA2F65AE6000AB835C /* Build configuration list for PBXProject "elephant-ios" */ = {
			isa = XCConfigurationList;
			buildConfigurations = (
				36C0AD022F65AE6300AB835C /* Debug */,
				36C0AD032F65AE6300AB835C /* Release */,
			);
			defaultConfigurationIsVisible = 0;
			defaultConfigurationName = Release;
		};
		36C0AD042F65AE6300AB835C /* Build configuration list for PBXNativeTarget "elephant-ios" */ = {
			isa = XCConfigurationList;
			buildConfigurations = (
				36C0AD052F65AE6300AB835C /* Debug */,
				36C0AD062F65AE6300AB835C /* Release */,
			);
			defaultConfigurationIsVisible = 0;
			defaultConfigurationName = Release;
		};
		36C0AD072F65AE6300AB835C /* Build configuration list for PBXNativeTarget "elephant-iosTests" */ = {
			isa = XCConfigurationList;
			buildConfigurations = (
				36C0AD082F65AE6300AB835C /* Debug */,
				36C0AD092F65AE6300AB835C /* Release */,
			);
			defaultConfigurationIsVisible = 0;
			defaultConfigurationName = Release;
		};
		36C0AD0A2F65AE6300AB835C /* Build configuration list for PBXNativeTarget "elephant-iosUITests" */ = {
			isa = XCConfigurationList;
			buildConfigurations = (
				36C0AD0B2F65AE6300AB835C /* Debug */,
				36C0AD0C2F65AE6300AB835C /* Release */,
			);
			defaultConfigurationIsVisible = 0;
			defaultConfigurationName = Release;
		};
/* End XCConfigurationList section */
	};
	rootObject = 36C0ACD72F65AE6000AB835C /* Project object */;
}
